
Microsoft Visual Studio Solution File, Format Version 12.00
# Visual Studio Version 17
VisualStudioVersion = 17.8.34525.116
MinimumVisualStudioVersion = 10.0.40219.1
Project("{2150E333-8FDC-42A3-9474-1A3956D46DE8}") = "IntroductionToCSharp", "IntroductionToCSharp", "{C6F93C0F-1187-432D-A6DC-D36F52C1B105}"
EndProject
Project("{2150E333-8FDC-42A3-9474-1A3956D46DE8}") = "WPF", "WPF", "{E3609939-3528-4BF4-B87C-44C30D3B9CCA}"
EndProject
Project("{FAE04EC0-301F-11D3-BF4B-00C04F79EFBC}") = "HelixToolkitSimpleDemo", "WPF\HelixToolkitSimpleDemo\HelixToolkitSimpleDemo.csproj", "{B262B3C4-B4F7-4CD0-9055-62B271856078}"
EndProject
Project("{2150E333-8FDC-42A3-9474-1A3956D46DE8}") = "WinForms", "WinForms", "{7B6A6310-177C-4581-AC27-340D5116CAA1}"
EndProject
Project("{9A19103F-16F7-4668-BE54-9A1E7A4F7556}") = "Template", "WinForms\Template\Template.csproj", "{55B3700D-0BA5-4C3C-BEF8-4218181F28FF}"
EndProject
Project("{9A19103F-16F7-4668-BE54-9A1E7A4F7556}") = "SimplePaint", "WinForms\SimplePaint\SimplePaint.csproj", "{168805F5-2CB2-467E-BD8B-8A8B20DE47AA}"
EndProject
Project("{2150E333-8FDC-42A3-9474-1A3956D46DE8}") = "Tests", "Tests", "{3E45B617-2480-46D8-A076-AEACC4796761}"
EndProject
Project("{9A19103F-16F7-4668-BE54-9A1E7A4F7556}") = "DemosAndTests", "Tests\StringDemo\DemosAndTests.csproj", "{4ACE3248-B18D-4BA9-8672-79F2D90A47F0}"
EndProject
Project("{2150E333-8FDC-42A3-9474-1A3956D46DE8}") = "Console", "Console", "{DE9D72D8-E391-4249-A26D-3FA8074D913D}"
EndProject
Project("{9A19103F-16F7-4668-BE54-9A1E7A4F7556}") = "Sort", "Console\Sort\Sort.csproj", "{B1265D9D-15BD-4D37-AAA1-1E31B807E5A5}"
EndProject
Project("{9A19103F-16F7-4668-BE54-9A1E7A4F7556}") = "Rot13", "Console\Rot13\Rot13.csproj", "{9C49A031-D081-4AED-A6EA-FDC232D4C979}"
EndProject
Project("{9A19103F-16F7-4668-BE54-9A1E7A4F7556}") = "HelloWorld", "Console\HelloWorld\HelloWorld.csproj", "{28717CF4-4417-4DE1-AF77-08F75317F577}"
EndProject
Project("{9A19103F-16F7-4668-BE54-9A1E7A4F7556}") = "Find", "Console\Find\Find.csproj", "{622DD834-16C5-4F5B-A664-9FAB0448C9A2}"
EndProject
Project("{9A19103F-16F7-4668-BE54-9A1E7A4F7556}") = "Dir", "Console\Dir\Dir.csproj", "{9CB27435-C290-468C-9DE1-DC11B4E1FAED}"
EndProject
Project("{9A19103F-16F7-4668-BE54-9A1E7A4F7556}") = "ConsoleDrawing", "Console\ConsoleDraw\ConsoleDrawing.csproj", "{99AD8266-4B7D-47BD-AE6C-4430E57E9607}"
EndProject
Project("{2150E333-8FDC-42A3-9474-1A3956D46DE8}") = "Library", "Library", "{ACFC738E-E754-4F65-BFA1-87F0EC82C351}"
EndProject
Project("{FAE04EC0-301F-11D3-BF4B-00C04F79EFBC}") = "MyFirst3DViewerXaml", "WPF\MyFirst3DViewerXaml\MyFirst3DViewerXaml.csproj", "{FA0B1BD8-1E56-4230-84DB-22B8E54A401B}"
EndProject
Project("{FAE04EC0-301F-11D3-BF4B-00C04F79EFBC}") = "MyFirst3DViewerCodeBehind", "WPF\MyFirst3DViewerCodeBehind\MyFirst3DViewerCodeBehind.csproj", "{E622B61C-DE6A-46EE-83BD-B7013813FCB3}"
EndProject
Project("{9A19103F-16F7-4668-BE54-9A1E7A4F7556}") = "SimpleIfcReader", "SimpleIfcReader\SimpleIfcReader.csproj", "{FF6496E6-21C4-4D20-8A8F-5482E66AACE1}"
EndProject
Project("{9A19103F-16F7-4668-BE54-9A1E7A4F7556}") = "AddNumbers", "AddNumbers\AddNumbers.csproj", "{F0E259D3-25C7-448A-A3A3-13453D311963}"
EndProject
Project("{9A19103F-16F7-4668-BE54-9A1E7A4F7556}") = "HelloWhoAreYou", "HelloWhoAreYou\HelloWhoAreYou.csproj", "{D6C1FADC-5FB5-4433-9028-32871318C8DE}"
EndProject
Project("{2150E333-8FDC-42A3-9474-1A3956D46DE8}") = "Input Files", "Input Files", "{2111FF8B-B34A-419C-A214-610CF92A02A0}"
	ProjectSection(SolutionItems) = preProject
		..\TestFiles\geometry.csv = ..\TestFiles\geometry.csv
		..\TestFiles\geometry.xlsx = ..\TestFiles\geometry.xlsx
		..\TestFiles\haus.ifc = ..\TestFiles\haus.ifc
	EndProjectSection
EndProject
Project("{9A19103F-16F7-4668-BE54-9A1E7A4F7556}") = "HttpServer", "HttpServer\HttpServer.csproj", "{BC5D822A-CB1F-4591-9B5B-2CFD9A676AA8}"
EndProject
Project("{FAE04EC0-301F-11D3-BF4B-00C04F79EFBC}") = "PipeDemo", "PipeDemo\PipeDemo.csproj", "{77096CDC-5CC2-4657-8AF0-C17E02CF7557}"
EndProject
Project("{FAE04EC0-301F-11D3-BF4B-00C04F79EFBC}") = "HelloWorldCommandLineArg", "HelloWorldCommandLineArg\HelloWorldCommandLineArg.csproj", "{725CE3B9-5A74-4C09-A4FD-61C29C17A586}"
EndProject
Global
	GlobalSection(SolutionConfigurationPlatforms) = preSolution
		Debug|Any CPU = Debug|Any CPU
		Release|Any CPU = Release|Any CPU
	EndGlobalSection
	GlobalSection(ProjectConfigurationPlatforms) = postSolution
		{B262B3C4-B4F7-4CD0-9055-62B271856078}.Debug|Any CPU.ActiveCfg = Debug|Any CPU
		{B262B3C4-B4F7-4CD0-9055-62B271856078}.Debug|Any CPU.Build.0 = Debug|Any CPU
		{B262B3C4-B4F7-4CD0-9055-62B271856078}.Release|Any CPU.ActiveCfg = Release|Any CPU
		{B262B3C4-B4F7-4CD0-9055-62B271856078}.Release|Any CPU.Build.0 = Release|Any CPU
		{55B3700D-0BA5-4C3C-BEF8-4218181F28FF}.Debug|Any CPU.ActiveCfg = Debug|Any CPU
		{55B3700D-0BA5-4C3C-BEF8-4218181F28FF}.Debug|Any CPU.Build.0 = Debug|Any CPU
		{55B3700D-0BA5-4C3C-BEF8-4218181F28FF}.Release|Any CPU.ActiveCfg = Release|Any CPU
		{55B3700D-0BA5-4C3C-BEF8-4218181F28FF}.Release|Any CPU.Build.0 = Release|Any CPU
		{168805F5-2CB2-467E-BD8B-8A8B20DE47AA}.Debug|Any CPU.ActiveCfg = Debug|Any CPU
		{168805F5-2CB2-467E-BD8B-8A8B20DE47AA}.Debug|Any CPU.Build.0 = Debug|Any CPU
		{168805F5-2CB2-467E-BD8B-8A8B20DE47AA}.Release|Any CPU.ActiveCfg = Release|Any CPU
		{168805F5-2CB2-467E-BD8B-8A8B20DE47AA}.Release|Any CPU.Build.0 = Release|Any CPU
		{4ACE3248-B18D-4BA9-8672-79F2D90A47F0}.Debug|Any CPU.ActiveCfg = Debug|Any CPU
		{4ACE3248-B18D-4BA9-8672-79F2D90A47F0}.Debug|Any CPU.Build.0 = Debug|Any CPU
		{4ACE3248-B18D-4BA9-8672-79F2D90A47F0}.Release|Any CPU.ActiveCfg = Release|Any CPU
		{4ACE3248-B18D-4BA9-8672-79F2D90A47F0}.Release|Any CPU.Build.0 = Release|Any CPU
		{B1265D9D-15BD-4D37-AAA1-1E31B807E5A5}.Debug|Any CPU.ActiveCfg = Debug|Any CPU
		{B1265D9D-15BD-4D37-AAA1-1E31B807E5A5}.Debug|Any CPU.Build.0 = Debug|Any CPU
		{B1265D9D-15BD-4D37-AAA1-1E31B807E5A5}.Release|Any CPU.ActiveCfg = Release|Any CPU
		{B1265D9D-15BD-4D37-AAA1-1E31B807E5A5}.Release|Any CPU.Build.0 = Release|Any CPU
		{9C49A031-D081-4AED-A6EA-FDC232D4C979}.Debug|Any CPU.ActiveCfg = Debug|Any CPU
		{9C49A031-D081-4AED-A6EA-FDC232D4C979}.Debug|Any CPU.Build.0 = Debug|Any CPU
		{9C49A031-D081-4AED-A6EA-FDC232D4C979}.Release|Any CPU.ActiveCfg = Release|Any CPU
		{9C49A031-D081-4AED-A6EA-FDC232D4C979}.Release|Any CPU.Build.0 = Release|Any CPU
		{28717CF4-4417-4DE1-AF77-08F75317F577}.Debug|Any CPU.ActiveCfg = Debug|Any CPU
		{28717CF4-4417-4DE1-AF77-08F75317F577}.Debug|Any CPU.Build.0 = Debug|Any CPU
		{28717CF4-4417-4DE1-AF77-08F75317F577}.Release|Any CPU.ActiveCfg = Release|Any CPU
		{28717CF4-4417-4DE1-AF77-08F75317F577}.Release|Any CPU.Build.0 = Release|Any CPU
		{622DD834-16C5-4F5B-A664-9FAB0448C9A2}.Debug|Any CPU.ActiveCfg = Debug|Any CPU
		{622DD834-16C5-4F5B-A664-9FAB0448C9A2}.Debug|Any CPU.Build.0 = Debug|Any CPU
		{622DD834-16C5-4F5B-A664-9FAB0448C9A2}.Release|Any CPU.ActiveCfg = Release|Any CPU
		{622DD834-16C5-4F5B-A664-9FAB0448C9A2}.Release|Any CPU.Build.0 = Release|Any CPU
		{9CB27435-C290-468C-9DE1-DC11B4E1FAED}.Debug|Any CPU.ActiveCfg = Debug|Any CPU
		{9CB27435-C290-468C-9DE1-DC11B4E1FAED}.Debug|Any CPU.Build.0 = Debug|Any CPU
		{9CB27435-C290-468C-9DE1-DC11B4E1FAED}.Release|Any CPU.ActiveCfg = Release|Any CPU
		{9CB27435-C290-468C-9DE1-DC11B4E1FAED}.Release|Any CPU.Build.0 = Release|Any CPU
		{99AD8266-4B7D-47BD-AE6C-4430E57E9607}.Debug|Any CPU.ActiveCfg = Debug|Any CPU
		{99AD8266-4B7D-47BD-AE6C-4430E57E9607}.Debug|Any CPU.Build.0 = Debug|Any CPU
		{99AD8266-4B7D-47BD-AE6C-4430E57E9607}.Release|Any CPU.ActiveCfg = Release|Any CPU
		{99AD8266-4B7D-47BD-AE6C-4430E57E9607}.Release|Any CPU.Build.0 = Release|Any CPU
		{FA0B1BD8-1E56-4230-84DB-22B8E54A401B}.Debug|Any CPU.ActiveCfg = Debug|Any CPU
		{FA0B1BD8-1E56-4230-84DB-22B8E54A401B}.Debug|Any CPU.Build.0 = Debug|Any CPU
		{FA0B1BD8-1E56-4230-84DB-22B8E54A401B}.Release|Any CPU.ActiveCfg = Release|Any CPU
		{FA0B1BD8-1E56-4230-84DB-22B8E54A401B}.Release|Any CPU.Build.0 = Release|Any CPU
		{E622B61C-DE6A-46EE-83BD-B7013813FCB3}.Debug|Any CPU.ActiveCfg = Debug|Any CPU
		{E622B61C-DE6A-46EE-83BD-B7013813FCB3}.Debug|Any CPU.Build.0 = Debug|Any CPU
		{E622B61C-DE6A-46EE-83BD-B7013813FCB3}.Release|Any CPU.ActiveCfg = Release|Any CPU
		{E622B61C-DE6A-46EE-83BD-B7013813FCB3}.Release|Any CPU.Build.0 = Release|Any CPU
		{FF6496E6-21C4-4D20-8A8F-5482E66AACE1}.Debug|Any CPU.ActiveCfg = Debug|Any CPU
		{FF6496E6-21C4-4D20-8A8F-5482E66AACE1}.Debug|Any CPU.Build.0 = Debug|Any CPU
		{FF6496E6-21C4-4D20-8A8F-5482E66AACE1}.Release|Any CPU.ActiveCfg = Release|Any CPU
		{FF6496E6-21C4-4D20-8A8F-5482E66AACE1}.Release|Any CPU.Build.0 = Release|Any CPU
		{F0E259D3-25C7-448A-A3A3-13453D311963}.Debug|Any CPU.ActiveCfg = Debug|Any CPU
		{F0E259D3-25C7-448A-A3A3-13453D311963}.Debug|Any CPU.Build.0 = Debug|Any CPU
		{F0E259D3-25C7-448A-A3A3-13453D311963}.Release|Any CPU.ActiveCfg = Release|Any CPU
		{F0E259D3-25C7-448A-A3A3-13453D311963}.Release|Any CPU.Build.0 = Release|Any CPU
		{D6C1FADC-5FB5-4433-9028-32871318C8DE}.Debug|Any CPU.ActiveCfg = Debug|Any CPU
		{D6C1FADC-5FB5-4433-9028-32871318C8DE}.Debug|Any CPU.Build.0 = Debug|Any CPU
		{D6C1FADC-5FB5-4433-9028-32871318C8DE}.Release|Any CPU.ActiveCfg = Release|Any CPU
		{D6C1FADC-5FB5-4433-9028-32871318C8DE}.Release|Any CPU.Build.0 = Release|Any CPU
		{BC5D822A-CB1F-4591-9B5B-2CFD9A676AA8}.Debug|Any CPU.ActiveCfg = Debug|Any CPU
		{BC5D822A-CB1F-4591-9B5B-2CFD9A676AA8}.Debug|Any CPU.Build.0 = Debug|Any CPU
		{BC5D822A-CB1F-4591-9B5B-2CFD9A676AA8}.Release|Any CPU.ActiveCfg = Release|Any CPU
		{BC5D822A-CB1F-4591-9B5B-2CFD9A676AA8}.Release|Any CPU.Build.0 = Release|Any CPU
		{77096CDC-5CC2-4657-8AF0-C17E02CF7557}.Debug|Any CPU.ActiveCfg = Debug|Any CPU
		{77096CDC-5CC2-4657-8AF0-C17E02CF7557}.Debug|Any CPU.Build.0 = Debug|Any CPU
		{77096CDC-5CC2-4657-8AF0-C17E02CF7557}.Release|Any CPU.ActiveCfg = Release|Any CPU
		{77096CDC-5CC2-4657-8AF0-C17E02CF7557}.Release|Any CPU.Build.0 = Release|Any CPU
		{725CE3B9-5A74-4C09-A4FD-61C29C17A586}.Debug|Any CPU.ActiveCfg = Debug|Any CPU
		{725CE3B9-5A74-4C09-A4FD-61C29C17A586}.Debug|Any CPU.Build.0 = Debug|Any CPU
		{725CE3B9-5A74-4C09-A4FD-61C29C17A586}.Release|Any CPU.ActiveCfg = Release|Any CPU
		{725CE3B9-5A74-4C09-A4FD-61C29C17A586}.Release|Any CPU.Build.0 = Release|Any CPU
	EndGlobalSection
	GlobalSection(SolutionProperties) = preSolution
		HideSolutionNode = FALSE
	EndGlobalSection
	GlobalSection(NestedProjects) = preSolution
		{E3609939-3528-4BF4-B87C-44C30D3B9CCA} = {C6F93C0F-1187-432D-A6DC-D36F52C1B105}
		{B262B3C4-B4F7-4CD0-9055-62B271856078} = {E3609939-3528-4BF4-B87C-44C30D3B9CCA}
		{7B6A6310-177C-4581-AC27-340D5116CAA1} = {C6F93C0F-1187-432D-A6DC-D36F52C1B105}
		{55B3700D-0BA5-4C3C-BEF8-4218181F28FF} = {7B6A6310-177C-4581-AC27-340D5116CAA1}
		{168805F5-2CB2-467E-BD8B-8A8B20DE47AA} = {7B6A6310-177C-4581-AC27-340D5116CAA1}
		{3E45B617-2480-46D8-A076-AEACC4796761} = {C6F93C0F-1187-432D-A6DC-D36F52C1B105}
		{4ACE3248-B18D-4BA9-8672-79F2D90A47F0} = {3E45B617-2480-46D8-A076-AEACC4796761}
		{DE9D72D8-E391-4249-A26D-3FA8074D913D} = {C6F93C0F-1187-432D-A6DC-D36F52C1B105}
		{B1265D9D-15BD-4D37-AAA1-1E31B807E5A5} = {DE9D72D8-E391-4249-A26D-3FA8074D913D}
		{9C49A031-D081-4AED-A6EA-FDC232D4C979} = {DE9D72D8-E391-4249-A26D-3FA8074D913D}
		{28717CF4-4417-4DE1-AF77-08F75317F577} = {DE9D72D8-E391-4249-A26D-3FA8074D913D}
		{622DD834-16C5-4F5B-A664-9FAB0448C9A2} = {DE9D72D8-E391-4249-A26D-3FA8074D913D}
		{9CB27435-C290-468C-9DE1-DC11B4E1FAED} = {DE9D72D8-E391-4249-A26D-3FA8074D913D}
		{99AD8266-4B7D-47BD-AE6C-4430E57E9607} = {DE9D72D8-E391-4249-A26D-3FA8074D913D}
		{ACFC738E-E754-4F65-BFA1-87F0EC82C351} = {C6F93C0F-1187-432D-A6DC-D36F52C1B105}
		{FA0B1BD8-1E56-4230-84DB-22B8E54A401B} = {E3609939-3528-4BF4-B87C-44C30D3B9CCA}
		{E622B61C-DE6A-46EE-83BD-B7013813FCB3} = {E3609939-3528-4BF4-B87C-44C30D3B9CCA}
		{FF6496E6-21C4-4D20-8A8F-5482E66AACE1} = {DE9D72D8-E391-4249-A26D-3FA8074D913D}
		{F0E259D3-25C7-448A-A3A3-13453D311963} = {DE9D72D8-E391-4249-A26D-3FA8074D913D}
		{D6C1FADC-5FB5-4433-9028-32871318C8DE} = {DE9D72D8-E391-4249-A26D-3FA8074D913D}
		{BC5D822A-CB1F-4591-9B5B-2CFD9A676AA8} = {DE9D72D8-E391-4249-A26D-3FA8074D913D}
		{77096CDC-5CC2-4657-8AF0-C17E02CF7557} = {DE9D72D8-E391-4249-A26D-3FA8074D913D}
		{725CE3B9-5A74-4C09-A4FD-61C29C17A586} = {DE9D72D8-E391-4249-A26D-3FA8074D913D}
	EndGlobalSection
	GlobalSection(ExtensibilityGlobals) = postSolution
		SolutionGuid = {603C3F5E-B88D-46C8-B837-26F7D1D487D6}
	EndGlobalSection
EndGlobal
