
Microsoft Visual Studio Solution File, Format Version 12.00
# Visual Studio Version 17
VisualStudioVersion = 17.8.34525.116
MinimumVisualStudioVersion = 10.0.40219.1
Project("{2150E333-8FDC-42A3-9474-1A3956D46DE8}") = "IntroductionToCSharp", "IntroductionToCSharp", "{C6F93C0F-1187-432D-A6DC-D36F52C1B105}"
EndProject
Project("{2150E333-8FDC-42A3-9474-1A3956D46DE8}") = "WPF", "WPF", "{E3609939-3528-4BF4-B87C-44C30D3B9CCA}"
EndProject
Project("{FAE04EC0-301F-11D3-BF4B-00C04F79EFBC}") = "HelixToolkitSimpleDemo", "WPF\HelixToolkitSimpleDemo\HelixToolkitSimpleDemo.csproj", "{B262B3C4-B4F7-4CD0-9055-62B271856078}"
EndProject
Project("{2150E333-8FDC-42A3-9474-1A3956D46DE8}") = "WinForms", "WinForms", "{7B6A6310-177C-4581-AC27-340D5116CAA1}"
EndProject
Project("{9A19103F-16F7-4668-BE54-9A1E7A4F7556}") = "Template", "WinForms\Template\Template.csproj", "{55B3700D-0BA5-4C3C-BEF8-4218181F28FF}"
EndProject
Project("{9A19103F-16F7-4668-BE54-9A1E7A4F7556}") = "SimplePaint", "WinForms\SimplePaint\SimplePaint.csproj", "{168805F5-2CB2-467E-BD8B-8A8B20DE47AA}"
EndProject
Project("{9A19103F-16F7-4668-BE54-9A1E7A4F7556}") = "ColorWheelTest", "WinForms\ColorWheelTest\ColorWheelTest.csproj", "{752A67C4-23A4-40EC-885A-836EB74AB1D7}"
EndProject
Project("{2150E333-8FDC-42A3-9474-1A3956D46DE8}") = "Tests", "Tests", "{3E45B617-2480-46D8-A076-AEACC4796761}"
EndProject
Project("{9A19103F-16F7-4668-BE54-9A1E7A4F7556}") = "DemosAndTests", "Tests\StringDemo\DemosAndTests.csproj", "{4ACE3248-B18D-4BA9-8672-79F2D90A47F0}"
EndProject
Project("{9A19103F-16F7-4668-BE54-9A1E7A4F7556}") = "Rot13Tests", "Tests\Rot13Tests\Rot13Tests.csproj", "{5C72A8A2-CB1D-49A5-AFED-BD0194A8E9D7}"
EndProject
Project("{2150E333-8FDC-42A3-9474-1A3956D46DE8}") = "Console", "Console", "{DE9D72D8-E391-4249-A26D-3FA8074D913D}"
EndProject
Project("{9A19103F-16F7-4668-BE54-9A1E7A4F7556}") = "Sort", "Console\Sort\Sort.csproj", "{B1265D9D-15BD-4D37-AAA1-1E31B807E5A5}"
EndProject
Project("{9A19103F-16F7-4668-BE54-9A1E7A4F7556}") = "Rot13", "Console\Rot13\Rot13.csproj", "{9C49A031-D081-4AED-A6EA-FDC232D4C979}"
EndProject
Project("{9A19103F-16F7-4668-BE54-9A1E7A4F7556}") = "HelloWorld", "Console\HelloWorld\HelloWorld.csproj", "{28717CF4-4417-4DE1-AF77-08F75317F577}"
EndProject
Project("{9A19103F-16F7-4668-BE54-9A1E7A4F7556}") = "Find", "Console\Find\Find.csproj", "{622DD834-16C5-4F5B-A664-9FAB0448C9A2}"
EndProject
Project("{9A19103F-16F7-4668-BE54-9A1E7A4F7556}") = "Dir", "Console\Dir\Dir.csproj", "{9CB27435-C290-468C-9DE1-DC11B4E1FAED}"
EndProject
Project("{9A19103F-16F7-4668-BE54-9A1E7A4F7556}") = "ConsoleDrawing", "Console\ConsoleDraw\ConsoleDrawing.csproj", "{99AD8266-4B7D-47BD-AE6C-4430E57E9607}"
EndProject
Project("{2150E333-8FDC-42A3-9474-1A3956D46DE8}") = "Library", "Library", "{ACFC738E-E754-4F65-BFA1-87F0EC82C351}"
EndProject
Project("{FAE04EC0-301F-11D3-BF4B-00C04F79EFBC}") = "MyFirst3DViewerXaml", "WPF\MyFirst3DViewerXaml\MyFirst3DViewerXaml.csproj", "{FA0B1BD8-1E56-4230-84DB-22B8E54A401B}"
EndProject
Project("{FAE04EC0-301F-11D3-BF4B-00C04F79EFBC}") = "MyFirst3DViewerCodeBehind", "WPF\MyFirst3DViewerCodeBehind\MyFirst3DViewerCodeBehind.csproj", "{E622B61C-DE6A-46EE-83BD-B7013813FCB3}"
EndProject
Global
	GlobalSection(SolutionConfigurationPlatforms) = preSolution
		Debug|Any CPU = Debug|Any CPU
		Release|Any CPU = Release|Any CPU
	EndGlobalSection
	GlobalSection(ProjectConfigurationPlatforms) = postSolution
		{B262B3C4-B4F7-4CD0-9055-62B271856078}.Debug|Any CPU.ActiveCfg = Debug|Any CPU
		{B262B3C4-B4F7-4CD0-9055-62B271856078}.Debug|Any CPU.Build.0 = Debug|Any CPU
		{B262B3C4-B4F7-4CD0-9055-62B271856078}.Release|Any CPU.ActiveCfg = Release|Any CPU
		{B262B3C4-B4F7-4CD0-9055-62B271856078}.Release|Any CPU.Build.0 = Release|Any CPU
		{55B3700D-0BA5-4C3C-BEF8-4218181F28FF}.Debug|Any CPU.ActiveCfg = Debug|Any CPU
		{55B3700D-0BA5-4C3C-BEF8-4218181F28FF}.Debug|Any CPU.Build.0 = Debug|Any CPU
		{55B3700D-0BA5-4C3C-BEF8-4218181F28FF}.Release|Any CPU.ActiveCfg = Release|Any CPU
		{55B3700D-0BA5-4C3C-BEF8-4218181F28FF}.Release|Any CPU.Build.0 = Release|Any CPU
		{168805F5-2CB2-467E-BD8B-8A8B20DE47AA}.Debug|Any CPU.ActiveCfg = Debug|Any CPU
		{168805F5-2CB2-467E-BD8B-8A8B20DE47AA}.Debug|Any CPU.Build.0 = Debug|Any CPU
		{168805F5-2CB2-467E-BD8B-8A8B20DE47AA}.Release|Any CPU.ActiveCfg = Release|Any CPU
		{168805F5-2CB2-467E-BD8B-8A8B20DE47AA}.Release|Any CPU.Build.0 = Release|Any CPU
		{752A67C4-23A4-40EC-885A-836EB74AB1D7}.Debug|Any CPU.ActiveCfg = Debug|Any CPU
		{752A67C4-23A4-40EC-885A-836EB74AB1D7}.Debug|Any CPU.Build.0 = Debug|Any CPU
		{752A67C4-23A4-40EC-885A-836EB74AB1D7}.Release|Any CPU.ActiveCfg = Release|Any CPU
		{752A67C4-23A4-40EC-885A-836EB74AB1D7}.Release|Any CPU.Build.0 = Release|Any CPU
		{4ACE3248-B18D-4BA9-8672-79F2D90A47F0}.Debug|Any CPU.ActiveCfg = Debug|Any CPU
		{4ACE3248-B18D-4BA9-8672-79F2D90A47F0}.Debug|Any CPU.Build.0 = Debug|Any CPU
		{4ACE3248-B18D-4BA9-8672-79F2D90A47F0}.Release|Any CPU.ActiveCfg = Release|Any CPU
		{4ACE3248-B18D-4BA9-8672-79F2D90A47F0}.Release|Any CPU.Build.0 = Release|Any CPU
		{5C72A8A2-CB1D-49A5-AFED-BD0194A8E9D7}.Debug|Any CPU.ActiveCfg = Debug|Any CPU
		{5C72A8A2-CB1D-49A5-AFED-BD0194A8E9D7}.Debug|Any CPU.Build.0 = Debug|Any CPU
		{5C72A8A2-CB1D-49A5-AFED-BD0194A8E9D7}.Release|Any CPU.ActiveCfg = Release|Any CPU
		{5C72A8A2-CB1D-49A5-AFED-BD0194A8E9D7}.Release|Any CPU.Build.0 = Release|Any CPU
		{B1265D9D-15BD-4D37-AAA1-1E31B807E5A5}.Debug|Any CPU.ActiveCfg = Debug|Any CPU
		{B1265D9D-15BD-4D37-AAA1-1E31B807E5A5}.Debug|Any CPU.Build.0 = Debug|Any CPU
		{B1265D9D-15BD-4D37-AAA1-1E31B807E5A5}.Release|Any CPU.ActiveCfg = Release|Any CPU
		{B1265D9D-15BD-4D37-AAA1-1E31B807E5A5}.Release|Any CPU.Build.0 = Release|Any CPU
		{9C49A031-D081-4AED-A6EA-FDC232D4C979}.Debug|Any CPU.ActiveCfg = Debug|Any CPU
		{9C49A031-D081-4AED-A6EA-FDC232D4C979}.Debug|Any CPU.Build.0 = Debug|Any CPU
		{9C49A031-D081-4AED-A6EA-FDC232D4C979}.Release|Any CPU.ActiveCfg = Release|Any CPU
		{9C49A031-D081-4AED-A6EA-FDC232D4C979}.Release|Any CPU.Build.0 = Release|Any CPU
		{28717CF4-4417-4DE1-AF77-08F75317F577}.Debug|Any CPU.ActiveCfg = Debug|Any CPU
		{28717CF4-4417-4DE1-AF77-08F75317F577}.Debug|Any CPU.Build.0 = Debug|Any CPU
		{28717CF4-4417-4DE1-AF77-08F75317F577}.Release|Any CPU.ActiveCfg = Release|Any CPU
		{28717CF4-4417-4DE1-AF77-08F75317F577}.Release|Any CPU.Build.0 = Release|Any CPU
		{622DD834-16C5-4F5B-A664-9FAB0448C9A2}.Debug|Any CPU.ActiveCfg = Debug|Any CPU
		{622DD834-16C5-4F5B-A664-9FAB0448C9A2}.Debug|Any CPU.Build.0 = Debug|Any CPU
		{622DD834-16C5-4F5B-A664-9FAB0448C9A2}.Release|Any CPU.ActiveCfg = Release|Any CPU
		{622DD834-16C5-4F5B-A664-9FAB0448C9A2}.Release|Any CPU.Build.0 = Release|Any CPU
		{9CB27435-C290-468C-9DE1-DC11B4E1FAED}.Debug|Any CPU.ActiveCfg = Debug|Any CPU
		{9CB27435-C290-468C-9DE1-DC11B4E1FAED}.Debug|Any CPU.Build.0 = Debug|Any CPU
		{9CB27435-C290-468C-9DE1-DC11B4E1FAED}.Release|Any CPU.ActiveCfg = Release|Any CPU
		{9CB27435-C290-468C-9DE1-DC11B4E1FAED}.Release|Any CPU.Build.0 = Release|Any CPU
		{99AD8266-4B7D-47BD-AE6C-4430E57E9607}.Debug|Any CPU.ActiveCfg = Debug|Any CPU
		{99AD8266-4B7D-47BD-AE6C-4430E57E9607}.Debug|Any CPU.Build.0 = Debug|Any CPU
		{99AD8266-4B7D-47BD-AE6C-4430E57E9607}.Release|Any CPU.ActiveCfg = Release|Any CPU
		{99AD8266-4B7D-47BD-AE6C-4430E57E9607}.Release|Any CPU.Build.0 = Release|Any CPU
		{FA0B1BD8-1E56-4230-84DB-22B8E54A401B}.Debug|Any CPU.ActiveCfg = Debug|Any CPU
		{FA0B1BD8-1E56-4230-84DB-22B8E54A401B}.Debug|Any CPU.Build.0 = Debug|Any CPU
		{FA0B1BD8-1E56-4230-84DB-22B8E54A401B}.Release|Any CPU.ActiveCfg = Release|Any CPU
		{FA0B1BD8-1E56-4230-84DB-22B8E54A401B}.Release|Any CPU.Build.0 = Release|Any CPU
		{E622B61C-DE6A-46EE-83BD-B7013813FCB3}.Debug|Any CPU.ActiveCfg = Debug|Any CPU
		{E622B61C-DE6A-46EE-83BD-B7013813FCB3}.Debug|Any CPU.Build.0 = Debug|Any CPU
		{E622B61C-DE6A-46EE-83BD-B7013813FCB3}.Release|Any CPU.ActiveCfg = Release|Any CPU
		{E622B61C-DE6A-46EE-83BD-B7013813FCB3}.Release|Any CPU.Build.0 = Release|Any CPU
	EndGlobalSection
	GlobalSection(SolutionProperties) = preSolution
		HideSolutionNode = FALSE
	EndGlobalSection
	GlobalSection(NestedProjects) = preSolution
		{E3609939-3528-4BF4-B87C-44C30D3B9CCA} = {C6F93C0F-1187-432D-A6DC-D36F52C1B105}
		{B262B3C4-B4F7-4CD0-9055-62B271856078} = {E3609939-3528-4BF4-B87C-44C30D3B9CCA}
		{7B6A6310-177C-4581-AC27-340D5116CAA1} = {C6F93C0F-1187-432D-A6DC-D36F52C1B105}
		{55B3700D-0BA5-4C3C-BEF8-4218181F28FF} = {7B6A6310-177C-4581-AC27-340D5116CAA1}
		{168805F5-2CB2-467E-BD8B-8A8B20DE47AA} = {7B6A6310-177C-4581-AC27-340D5116CAA1}
		{752A67C4-23A4-40EC-885A-836EB74AB1D7} = {7B6A6310-177C-4581-AC27-340D5116CAA1}
		{3E45B617-2480-46D8-A076-AEACC4796761} = {C6F93C0F-1187-432D-A6DC-D36F52C1B105}
		{4ACE3248-B18D-4BA9-8672-79F2D90A47F0} = {3E45B617-2480-46D8-A076-AEACC4796761}
		{5C72A8A2-CB1D-49A5-AFED-BD0194A8E9D7} = {3E45B617-2480-46D8-A076-AEACC4796761}
		{DE9D72D8-E391-4249-A26D-3FA8074D913D} = {C6F93C0F-1187-432D-A6DC-D36F52C1B105}
		{B1265D9D-15BD-4D37-AAA1-1E31B807E5A5} = {DE9D72D8-E391-4249-A26D-3FA8074D913D}
		{9C49A031-D081-4AED-A6EA-FDC232D4C979} = {DE9D72D8-E391-4249-A26D-3FA8074D913D}
		{28717CF4-4417-4DE1-AF77-08F75317F577} = {DE9D72D8-E391-4249-A26D-3FA8074D913D}
		{622DD834-16C5-4F5B-A664-9FAB0448C9A2} = {DE9D72D8-E391-4249-A26D-3FA8074D913D}
		{9CB27435-C290-468C-9DE1-DC11B4E1FAED} = {DE9D72D8-E391-4249-A26D-3FA8074D913D}
		{99AD8266-4B7D-47BD-AE6C-4430E57E9607} = {DE9D72D8-E391-4249-A26D-3FA8074D913D}
		{ACFC738E-E754-4F65-BFA1-87F0EC82C351} = {C6F93C0F-1187-432D-A6DC-D36F52C1B105}
		{FA0B1BD8-1E56-4230-84DB-22B8E54A401B} = {E3609939-3528-4BF4-B87C-44C30D3B9CCA}
		{E622B61C-DE6A-46EE-83BD-B7013813FCB3} = {E3609939-3528-4BF4-B87C-44C30D3B9CCA}
	EndGlobalSection
	GlobalSection(ExtensibilityGlobals) = postSolution
		SolutionGuid = {603C3F5E-B88D-46C8-B837-26F7D1D487D6}
	EndGlobalSection
EndGlobal
